
Microsoft Visual Studio Solution File, Format Version 12.00
# Visual Studio 2015
Project("{FAE04EC0-301F-11D3-BF4B-00C04F79EFBC}") = "COMP4342 Mobile Computing", "COMP4342 Mobile Computing.csproj", "{A348A13F-A7CE-B157-4C3B-E971090FF570}"
EndProject
Global
	GlobalSection(SolutionConfigurationPlatforms) = preSolution
		Debug|Any CPU = Debug|Any CPU
		Release|Any CPU = Release|Any CPU
	EndGlobalSection
	GlobalSection(ProjectConfigurationPlatforms) = postSolution
		{A348A13F-A7CE-B157-4C3B-E971090FF570}.Debug|Any CPU.ActiveCfg = Debug|Any CPU
		{A348A13F-A7CE-B157-4C3B-E971090FF570}.Debug|Any CPU.Build.0 = Debug|Any CPU
		{A348A13F-A7CE-B157-4C3B-E971090FF570}.Release|Any CPU.ActiveCfg = Release|Any CPU
		{A348A13F-A7CE-B157-4C3B-E971090FF570}.Release|Any CPU.Build.0 = Release|Any CPU
	EndGlobalSection
	GlobalSection(SolutionProperties) = preSolution
		HideSolutionNode = FALSE
	EndGlobalSection
EndGlobal
